
Microsoft Visual Studio Solution File, Format Version 12.00
# Visual Studio Version 16
VisualStudioVersion = 16.0.29911.84
MinimumVisualStudioVersion = 10.0.40219.1
Project("{9A19103F-16F7-4668-BE54-9A1E7A4F7556}") = "Taxi.Common", "Taxi.Common\Taxi.Common.csproj", "{68D5CBD1-998D-46FF-8F2A-7A50FE523517}"
EndProject
Project("{9A19103F-16F7-4668-BE54-9A1E7A4F7556}") = "Taxi.Web", "Taxi.Web\Taxi.Web.csproj", "{7B1F6B98-177A-4BC9-B8FE-5C659BBB8A14}"
EndProject
Project("{FAE04EC0-301F-11D3-BF4B-00C04F79EFBC}") = "Taxi.Prism", "Taxi.Prism\Taxi.Prism\Taxi.Prism.csproj", "{211FF7F1-A9D9-45AC-98FE-7965CE5D92D9}"
EndProject
Project("{FAE04EC0-301F-11D3-BF4B-00C04F79EFBC}") = "Taxi.Prism.Android", "Taxi.Prism\Taxi.Prism.Android\Taxi.Prism.Android.csproj", "{6F4A2C03-0875-4144-B5AB-D5ED3FBCD9AC}"
EndProject
Project("{FAE04EC0-301F-11D3-BF4B-00C04F79EFBC}") = "Taxi.Prism.iOS", "Taxi.Prism\Taxi.Prism.iOS\Taxi.Prism.iOS.csproj", "{17657FA8-9577-48C7-A720-896B5A28448D}"
EndProject
Global
	GlobalSection(SolutionConfigurationPlatforms) = preSolution
		Ad-Hoc|Any CPU = Ad-Hoc|Any CPU
		Ad-Hoc|iPhone = Ad-Hoc|iPhone
		Ad-Hoc|iPhoneSimulator = Ad-Hoc|iPhoneSimulator
		AppStore|Any CPU = AppStore|Any CPU
		AppStore|iPhone = AppStore|iPhone
		AppStore|iPhoneSimulator = AppStore|iPhoneSimulator
		Debug|Any CPU = Debug|Any CPU
		Debug|iPhone = Debug|iPhone
		Debug|iPhoneSimulator = Debug|iPhoneSimulator
		Release|Any CPU = Release|Any CPU
		Release|iPhone = Release|iPhone
		Release|iPhoneSimulator = Release|iPhoneSimulator
	EndGlobalSection
	GlobalSection(ProjectConfigurationPlatforms) = postSolution
		{68D5CBD1-998D-46FF-8F2A-7A50FE523517}.Ad-Hoc|Any CPU.ActiveCfg = Release|Any CPU
		{68D5CBD1-998D-46FF-8F2A-7A50FE523517}.Ad-Hoc|Any CPU.Build.0 = Release|Any CPU
		{68D5CBD1-998D-46FF-8F2A-7A50FE523517}.Ad-Hoc|iPhone.ActiveCfg = Release|Any CPU
		{68D5CBD1-998D-46FF-8F2A-7A50FE523517}.Ad-Hoc|iPhone.Build.0 = Release|Any CPU
		{68D5CBD1-998D-46FF-8F2A-7A50FE523517}.Ad-Hoc|iPhoneSimulator.ActiveCfg = Release|Any CPU
		{68D5CBD1-998D-46FF-8F2A-7A50FE523517}.Ad-Hoc|iPhoneSimulator.Build.0 = Release|Any CPU
		{68D5CBD1-998D-46FF-8F2A-7A50FE523517}.AppStore|Any CPU.ActiveCfg = Release|Any CPU
		{68D5CBD1-998D-46FF-8F2A-7A50FE523517}.AppStore|Any CPU.Build.0 = Release|Any CPU
		{68D5CBD1-998D-46FF-8F2A-7A50FE523517}.AppStore|iPhone.ActiveCfg = Release|Any CPU
		{68D5CBD1-998D-46FF-8F2A-7A50FE523517}.AppStore|iPhone.Build.0 = Release|Any CPU
		{68D5CBD1-998D-46FF-8F2A-7A50FE523517}.AppStore|iPhoneSimulator.ActiveCfg = Release|Any CPU
		{68D5CBD1-998D-46FF-8F2A-7A50FE523517}.AppStore|iPhoneSimulator.Build.0 = Release|Any CPU
		{68D5CBD1-998D-46FF-8F2A-7A50FE523517}.Debug|Any CPU.ActiveCfg = Debug|Any CPU
		{68D5CBD1-998D-46FF-8F2A-7A50FE523517}.Debug|Any CPU.Build.0 = Debug|Any CPU
		{68D5CBD1-998D-46FF-8F2A-7A50FE523517}.Debug|iPhone.ActiveCfg = Debug|Any CPU
		{68D5CBD1-998D-46FF-8F2A-7A50FE523517}.Debug|iPhone.Build.0 = Debug|Any CPU
		{68D5CBD1-998D-46FF-8F2A-7A50FE523517}.Debug|iPhoneSimulator.ActiveCfg = Debug|Any CPU
		{68D5CBD1-998D-46FF-8F2A-7A50FE523517}.Debug|iPhoneSimulator.Build.0 = Debug|Any CPU
		{68D5CBD1-998D-46FF-8F2A-7A50FE523517}.Release|Any CPU.ActiveCfg = Release|Any CPU
		{68D5CBD1-998D-46FF-8F2A-7A50FE523517}.Release|Any CPU.Build.0 = Release|Any CPU
		{68D5CBD1-998D-46FF-8F2A-7A50FE523517}.Release|iPhone.ActiveCfg = Release|Any CPU
		{68D5CBD1-998D-46FF-8F2A-7A50FE523517}.Release|iPhone.Build.0 = Release|Any CPU
		{68D5CBD1-998D-46FF-8F2A-7A50FE523517}.Release|iPhoneSimulator.ActiveCfg = Release|Any CPU
		{68D5CBD1-998D-46FF-8F2A-7A50FE523517}.Release|iPhoneSimulator.Build.0 = Release|Any CPU
		{7B1F6B98-177A-4BC9-B8FE-5C659BBB8A14}.Ad-Hoc|Any CPU.ActiveCfg = Release|Any CPU
		{7B1F6B98-177A-4BC9-B8FE-5C659BBB8A14}.Ad-Hoc|Any CPU.Build.0 = Release|Any CPU
		{7B1F6B98-177A-4BC9-B8FE-5C659BBB8A14}.Ad-Hoc|iPhone.ActiveCfg = Release|Any CPU
		{7B1F6B98-177A-4BC9-B8FE-5C659BBB8A14}.Ad-Hoc|iPhone.Build.0 = Release|Any CPU
		{7B1F6B98-177A-4BC9-B8FE-5C659BBB8A14}.Ad-Hoc|iPhoneSimulator.ActiveCfg = Release|Any CPU
		{7B1F6B98-177A-4BC9-B8FE-5C659BBB8A14}.Ad-Hoc|iPhoneSimulator.Build.0 = Release|Any CPU
		{7B1F6B98-177A-4BC9-B8FE-5C659BBB8A14}.AppStore|Any CPU.ActiveCfg = Release|Any CPU
		{7B1F6B98-177A-4BC9-B8FE-5C659BBB8A14}.AppStore|Any CPU.Build.0 = Release|Any CPU
		{7B1F6B98-177A-4BC9-B8FE-5C659BBB8A14}.AppStore|iPhone.ActiveCfg = Release|Any CPU
		{7B1F6B98-177A-4BC9-B8FE-5C659BBB8A14}.AppStore|iPhone.Build.0 = Release|Any CPU
		{7B1F6B98-177A-4BC9-B8FE-5C659BBB8A14}.AppStore|iPhoneSimulator.ActiveCfg = Release|Any CPU
		{7B1F6B98-177A-4BC9-B8FE-5C659BBB8A14}.AppStore|iPhoneSimulator.Build.0 = Release|Any CPU
		{7B1F6B98-177A-4BC9-B8FE-5C659BBB8A14}.Debug|Any CPU.ActiveCfg = Debug|Any CPU
		{7B1F6B98-177A-4BC9-B8FE-5C659BBB8A14}.Debug|Any CPU.Build.0 = Debug|Any CPU
		{7B1F6B98-177A-4BC9-B8FE-5C659BBB8A14}.Debug|iPhone.ActiveCfg = Debug|Any CPU
		{7B1F6B98-177A-4BC9-B8FE-5C659BBB8A14}.Debug|iPhone.Build.0 = Debug|Any CPU
		{7B1F6B98-177A-4BC9-B8FE-5C659BBB8A14}.Debug|iPhoneSimulator.ActiveCfg = Debug|Any CPU
		{7B1F6B98-177A-4BC9-B8FE-5C659BBB8A14}.Debug|iPhoneSimulator.Build.0 = Debug|Any CPU
		{7B1F6B98-177A-4BC9-B8FE-5C659BBB8A14}.Release|Any CPU.ActiveCfg = Release|Any CPU
		{7B1F6B98-177A-4BC9-B8FE-5C659BBB8A14}.Release|Any CPU.Build.0 = Release|Any CPU
		{7B1F6B98-177A-4BC9-B8FE-5C659BBB8A14}.Release|iPhone.ActiveCfg = Release|Any CPU
		{7B1F6B98-177A-4BC9-B8FE-5C659BBB8A14}.Release|iPhone.Build.0 = Release|Any CPU
		{7B1F6B98-177A-4BC9-B8FE-5C659BBB8A14}.Release|iPhoneSimulator.ActiveCfg = Release|Any CPU
		{7B1F6B98-177A-4BC9-B8FE-5C659BBB8A14}.Release|iPhoneSimulator.Build.0 = Release|Any CPU
		{211FF7F1-A9D9-45AC-98FE-7965CE5D92D9}.Ad-Hoc|Any CPU.ActiveCfg = Debug|Any CPU
		{211FF7F1-A9D9-45AC-98FE-7965CE5D92D9}.Ad-Hoc|Any CPU.Build.0 = Debug|Any CPU
		{211FF7F1-A9D9-45AC-98FE-7965CE5D92D9}.Ad-Hoc|iPhone.ActiveCfg = Debug|Any CPU
		{211FF7F1-A9D9-45AC-98FE-7965CE5D92D9}.Ad-Hoc|iPhone.Build.0 = Debug|Any CPU
		{211FF7F1-A9D9-45AC-98FE-7965CE5D92D9}.Ad-Hoc|iPhoneSimulator.ActiveCfg = Debug|Any CPU
		{211FF7F1-A9D9-45AC-98FE-7965CE5D92D9}.Ad-Hoc|iPhoneSimulator.Build.0 = Debug|Any CPU
		{211FF7F1-A9D9-45AC-98FE-7965CE5D92D9}.AppStore|Any CPU.ActiveCfg = Debug|Any CPU
		{211FF7F1-A9D9-45AC-98FE-7965CE5D92D9}.AppStore|Any CPU.Build.0 = Debug|Any CPU
		{211FF7F1-A9D9-45AC-98FE-7965CE5D92D9}.AppStore|iPhone.ActiveCfg = Debug|Any CPU
		{211FF7F1-A9D9-45AC-98FE-7965CE5D92D9}.AppStore|iPhone.Build.0 = Debug|Any CPU
		{211FF7F1-A9D9-45AC-98FE-7965CE5D92D9}.AppStore|iPhoneSimulator.ActiveCfg = Debug|Any CPU
		{211FF7F1-A9D9-45AC-98FE-7965CE5D92D9}.AppStore|iPhoneSimulator.Build.0 = Debug|Any CPU
		{211FF7F1-A9D9-45AC-98FE-7965CE5D92D9}.Debug|Any CPU.ActiveCfg = Debug|Any CPU
		{211FF7F1-A9D9-45AC-98FE-7965CE5D92D9}.Debug|Any CPU.Build.0 = Debug|Any CPU
		{211FF7F1-A9D9-45AC-98FE-7965CE5D92D9}.Debug|iPhone.ActiveCfg = Debug|Any CPU
		{211FF7F1-A9D9-45AC-98FE-7965CE5D92D9}.Debug|iPhone.Build.0 = Debug|Any CPU
		{211FF7F1-A9D9-45AC-98FE-7965CE5D92D9}.Debug|iPhoneSimulator.ActiveCfg = Debug|Any CPU
		{211FF7F1-A9D9-45AC-98FE-7965CE5D92D9}.Debug|iPhoneSimulator.Build.0 = Debug|Any CPU
		{211FF7F1-A9D9-45AC-98FE-7965CE5D92D9}.Release|Any CPU.ActiveCfg = Release|Any CPU
		{211FF7F1-A9D9-45AC-98FE-7965CE5D92D9}.Release|Any CPU.Build.0 = Release|Any CPU
		{211FF7F1-A9D9-45AC-98FE-7965CE5D92D9}.Release|iPhone.ActiveCfg = Release|Any CPU
		{211FF7F1-A9D9-45AC-98FE-7965CE5D92D9}.Release|iPhone.Build.0 = Release|Any CPU
		{211FF7F1-A9D9-45AC-98FE-7965CE5D92D9}.Release|iPhoneSimulator.ActiveCfg = Release|Any CPU
		{211FF7F1-A9D9-45AC-98FE-7965CE5D92D9}.Release|iPhoneSimulator.Build.0 = Release|Any CPU
		{6F4A2C03-0875-4144-B5AB-D5ED3FBCD9AC}.Ad-Hoc|Any CPU.ActiveCfg = Release|Any CPU
		{6F4A2C03-0875-4144-B5AB-D5ED3FBCD9AC}.Ad-Hoc|Any CPU.Build.0 = Release|Any CPU
		{6F4A2C03-0875-4144-B5AB-D5ED3FBCD9AC}.Ad-Hoc|Any CPU.Deploy.0 = Release|Any CPU
		{6F4A2C03-0875-4144-B5AB-D5ED3FBCD9AC}.Ad-Hoc|iPhone.ActiveCfg = Release|Any CPU
		{6F4A2C03-0875-4144-B5AB-D5ED3FBCD9AC}.Ad-Hoc|iPhone.Build.0 = Release|Any CPU
		{6F4A2C03-0875-4144-B5AB-D5ED3FBCD9AC}.Ad-Hoc|iPhone.Deploy.0 = Release|Any CPU
		{6F4A2C03-0875-4144-B5AB-D5ED3FBCD9AC}.Ad-Hoc|iPhoneSimulator.ActiveCfg = Release|Any CPU
		{6F4A2C03-0875-4144-B5AB-D5ED3FBCD9AC}.Ad-Hoc|iPhoneSimulator.Build.0 = Release|Any CPU
		{6F4A2C03-0875-4144-B5AB-D5ED3FBCD9AC}.Ad-Hoc|iPhoneSimulator.Deploy.0 = Release|Any CPU
		{6F4A2C03-0875-4144-B5AB-D5ED3FBCD9AC}.AppStore|Any CPU.ActiveCfg = Release|Any CPU
		{6F4A2C03-0875-4144-B5AB-D5ED3FBCD9AC}.AppStore|Any CPU.Build.0 = Release|Any CPU
		{6F4A2C03-0875-4144-B5AB-D5ED3FBCD9AC}.AppStore|Any CPU.Deploy.0 = Release|Any CPU
		{6F4A2C03-0875-4144-B5AB-D5ED3FBCD9AC}.AppStore|iPhone.ActiveCfg = Release|Any CPU
		{6F4A2C03-0875-4144-B5AB-D5ED3FBCD9AC}.AppStore|iPhone.Build.0 = Release|Any CPU
		{6F4A2C03-0875-4144-B5AB-D5ED3FBCD9AC}.AppStore|iPhone.Deploy.0 = Release|Any CPU
		{6F4A2C03-0875-4144-B5AB-D5ED3FBCD9AC}.AppStore|iPhoneSimulator.ActiveCfg = Release|Any CPU
		{6F4A2C03-0875-4144-B5AB-D5ED3FBCD9AC}.AppStore|iPhoneSimulator.Build.0 = Release|Any CPU
		{6F4A2C03-0875-4144-B5AB-D5ED3FBCD9AC}.AppStore|iPhoneSimulator.Deploy.0 = Release|Any CPU
		{6F4A2C03-0875-4144-B5AB-D5ED3FBCD9AC}.Debug|Any CPU.ActiveCfg = Debug|Any CPU
		{6F4A2C03-0875-4144-B5AB-D5ED3FBCD9AC}.Debug|Any CPU.Build.0 = Debug|Any CPU
		{6F4A2C03-0875-4144-B5AB-D5ED3FBCD9AC}.Debug|Any CPU.Deploy.0 = Debug|Any CPU
		{6F4A2C03-0875-4144-B5AB-D5ED3FBCD9AC}.Debug|iPhone.ActiveCfg = Debug|Any CPU
		{6F4A2C03-0875-4144-B5AB-D5ED3FBCD9AC}.Debug|iPhone.Build.0 = Debug|Any CPU
		{6F4A2C03-0875-4144-B5AB-D5ED3FBCD9AC}.Debug|iPhone.Deploy.0 = Debug|Any CPU
		{6F4A2C03-0875-4144-B5AB-D5ED3FBCD9AC}.Debug|iPhoneSimulator.ActiveCfg = Debug|Any CPU
		{6F4A2C03-0875-4144-B5AB-D5ED3FBCD9AC}.Debug|iPhoneSimulator.Build.0 = Debug|Any CPU
		{6F4A2C03-0875-4144-B5AB-D5ED3FBCD9AC}.Debug|iPhoneSimulator.Deploy.0 = Debug|Any CPU
		{6F4A2C03-0875-4144-B5AB-D5ED3FBCD9AC}.Release|Any CPU.ActiveCfg = Release|Any CPU
		{6F4A2C03-0875-4144-B5AB-D5ED3FBCD9AC}.Release|Any CPU.Build.0 = Release|Any CPU
		{6F4A2C03-0875-4144-B5AB-D5ED3FBCD9AC}.Release|Any CPU.Deploy.0 = Release|Any CPU
		{6F4A2C03-0875-4144-B5AB-D5ED3FBCD9AC}.Release|iPhone.ActiveCfg = Release|Any CPU
		{6F4A2C03-0875-4144-B5AB-D5ED3FBCD9AC}.Release|iPhone.Build.0 = Release|Any CPU
		{6F4A2C03-0875-4144-B5AB-D5ED3FBCD9AC}.Release|iPhone.Deploy.0 = Release|Any CPU
		{6F4A2C03-0875-4144-B5AB-D5ED3FBCD9AC}.Release|iPhoneSimulator.ActiveCfg = Release|Any CPU
		{6F4A2C03-0875-4144-B5AB-D5ED3FBCD9AC}.Release|iPhoneSimulator.Build.0 = Release|Any CPU
		{6F4A2C03-0875-4144-B5AB-D5ED3FBCD9AC}.Release|iPhoneSimulator.Deploy.0 = Release|Any CPU
		{17657FA8-9577-48C7-A720-896B5A28448D}.Ad-Hoc|Any CPU.ActiveCfg = Ad-Hoc|iPhone
		{17657FA8-9577-48C7-A720-896B5A28448D}.Ad-Hoc|iPhone.ActiveCfg = Ad-Hoc|iPhone
		{17657FA8-9577-48C7-A720-896B5A28448D}.Ad-Hoc|iPhone.Build.0 = Ad-Hoc|iPhone
		{17657FA8-9577-48C7-A720-896B5A28448D}.Ad-Hoc|iPhoneSimulator.ActiveCfg = Ad-Hoc|iPhoneSimulator
		{17657FA8-9577-48C7-A720-896B5A28448D}.Ad-Hoc|iPhoneSimulator.Build.0 = Ad-Hoc|iPhoneSimulator
		{17657FA8-9577-48C7-A720-896B5A28448D}.AppStore|Any CPU.ActiveCfg = AppStore|iPhone
		{17657FA8-9577-48C7-A720-896B5A28448D}.AppStore|iPhone.ActiveCfg = AppStore|iPhone
		{17657FA8-9577-48C7-A720-896B5A28448D}.AppStore|iPhone.Build.0 = AppStore|iPhone
		{17657FA8-9577-48C7-A720-896B5A28448D}.AppStore|iPhoneSimulator.ActiveCfg = AppStore|iPhoneSimulator
		{17657FA8-9577-48C7-A720-896B5A28448D}.AppStore|iPhoneSimulator.Build.0 = AppStore|iPhoneSimulator
		{17657FA8-9577-48C7-A720-896B5A28448D}.Debug|Any CPU.ActiveCfg = Debug|iPhone
		{17657FA8-9577-48C7-A720-896B5A28448D}.Debug|iPhone.ActiveCfg = Debug|iPhone
		{17657FA8-9577-48C7-A720-896B5A28448D}.Debug|iPhone.Build.0 = Debug|iPhone
		{17657FA8-9577-48C7-A720-896B5A28448D}.Debug|iPhoneSimulator.ActiveCfg = Debug|iPhoneSimulator
		{17657FA8-9577-48C7-A720-896B5A28448D}.Debug|iPhoneSimulator.Build.0 = Debug|iPhoneSimulator
		{17657FA8-9577-48C7-A720-896B5A28448D}.Release|Any CPU.ActiveCfg = Release|iPhone
		{17657FA8-9577-48C7-A720-896B5A28448D}.Release|iPhone.ActiveCfg = Release|iPhone
		{17657FA8-9577-48C7-A720-896B5A28448D}.Release|iPhone.Build.0 = Release|iPhone
		{17657FA8-9577-48C7-A720-896B5A28448D}.Release|iPhoneSimulator.ActiveCfg = Release|iPhoneSimulator
		{17657FA8-9577-48C7-A720-896B5A28448D}.Release|iPhoneSimulator.Build.0 = Release|iPhoneSimulator
	EndGlobalSection
	GlobalSection(SolutionProperties) = preSolution
		HideSolutionNode = FALSE
	EndGlobalSection
	GlobalSection(ExtensibilityGlobals) = postSolution
		SolutionGuid = {B54ED255-3D09-4DED-B6B5-556DE4B0A233}
	EndGlobalSection
EndGlobal
